// !$*UTF8*$!
{
	archiveVersion = 1;
	classes = {
	};
	objectVersion = 50;
	objects = {

/* Begin PBXBuildFile section */
		0CEBE6AAA9E7D9F911D34116 /* Pods_XMComponetAppTests.framework in Frameworks */ = {isa = PBXBuildFile; fileRef = E9AD1B413AE4612DF56EED92 /* Pods_XMComponetAppTests.framework */; };
		399F8A770A93AD2BB9C56EEC /* Pods_XMComponetApp.framework in Frameworks */ = {isa = PBXBuildFile; fileRef = 0D9D852DF587D12035A2288E /* Pods_XMComponetApp.framework */; };
		3C483E2F240FAF02008CFF57 /* AppDelegate.m in Sources */ = {isa = PBXBuildFile; fileRef = 3C483E2E240FAF02008CFF57 /* AppDelegate.m */; };
		3C483E32240FAF02008CFF57 /* SceneDelegate.m in Sources */ = {isa = PBXBuildFile; fileRef = 3C483E31240FAF02008CFF57 /* SceneDelegate.m */; };
		3C483E35240FAF02008CFF57 /* ViewController.m in Sources */ = {isa = PBXBuildFile; fileRef = 3C483E34240FAF02008CFF57 /* ViewController.m */; };
		3C483E38240FAF02008CFF57 /* Main.storyboard in Resources */ = {isa = PBXBuildFile; fileRef = 3C483E36240FAF02008CFF57 /* Main.storyboard */; };
		3C483E3A240FAF02008CFF57 /* Assets.xcassets in Resources */ = {isa = PBXBuildFile; fileRef = 3C483E39240FAF02008CFF57 /* Assets.xcassets */; };
		3C483E3D240FAF02008CFF57 /* LaunchScreen.storyboard in Resources */ = {isa = PBXBuildFile; fileRef = 3C483E3B240FAF02008CFF57 /* LaunchScreen.storyboard */; };
		3C483E40240FAF02008CFF57 /* main.m in Sources */ = {isa = PBXBuildFile; fileRef = 3C483E3F240FAF02008CFF57 /* main.m */; };
		3C483E4A240FAF02008CFF57 /* XMComponetAppTests.m in Sources */ = {isa = PBXBuildFile; fileRef = 3C483E49240FAF02008CFF57 /* XMComponetAppTests.m */; };
		3C483E55240FAF02008CFF57 /* XMComponetAppUITests.m in Sources */ = {isa = PBXBuildFile; fileRef = 3C483E54240FAF02008CFF57 /* XMComponetAppUITests.m */; };
		9FD03001F9110ECB3A5A7310 /* Pods_XMComponetApp_XMComponetAppUITests.framework in Frameworks */ = {isa = PBXBuildFile; fileRef = 36C0A1B0DF7E9805CA12D962 /* Pods_XMComponetApp_XMComponetAppUITests.framework */; };
/* End PBXBuildFile section */

/* Begin PBXContainerItemProxy section */
		3C483E46240FAF02008CFF57 /* PBXContainerItemProxy */ = {
			isa = PBXContainerItemProxy;
			containerPortal = 3C483E22240FAF02008CFF57 /* Project object */;
			proxyType = 1;
			remoteGlobalIDString = 3C483E29240FAF02008CFF57;
			remoteInfo = XMComponetApp;
		};
		3C483E51240FAF02008CFF57 /* PBXContainerItemProxy */ = {
			isa = PBXContainerItemProxy;
			containerPortal = 3C483E22240FAF02008CFF57 /* Project object */;
			proxyType = 1;
			remoteGlobalIDString = 3C483E29240FAF02008CFF57;
			remoteInfo = XMComponetApp;
		};
/* End PBXContainerItemProxy section */

/* Begin PBXFileReference section */
		0D9D852DF587D12035A2288E /* Pods_XMComponetApp.framework */ = {isa = PBXFileReference; explicitFileType = wrapper.framework; includeInIndex = 0; path = Pods_XMComponetApp.framework; sourceTree = BUILT_PRODUCTS_DIR; };
		1A365AE99B879B0BB2EC0C54 /* Pods-XMComponetApp.debug.xcconfig */ = {isa = PBXFileReference; includeInIndex = 1; lastKnownFileType = text.xcconfig; name = "Pods-XMComponetApp.debug.xcconfig"; path = "Target Support Files/Pods-XMComponetApp/Pods-XMComponetApp.debug.xcconfig"; sourceTree = "<group>"; };
		36C0A1B0DF7E9805CA12D962 /* Pods_XMComponetApp_XMComponetAppUITests.framework */ = {isa = PBXFileReference; explicitFileType = wrapper.framework; includeInIndex = 0; path = Pods_XMComponetApp_XMComponetAppUITests.framework; sourceTree = BUILT_PRODUCTS_DIR; };
		39EC322F6799E85F4BB2D405 /* Pods-XMComponetAppTests.release.xcconfig */ = {isa = PBXFileReference; includeInIndex = 1; lastKnownFileType = text.xcconfig; name = "Pods-XMComponetAppTests.release.xcconfig"; path = "Target Support Files/Pods-XMComponetAppTests/Pods-XMComponetAppTests.release.xcconfig"; sourceTree = "<group>"; };
		3C483E2A240FAF02008CFF57 /* XMComponetApp.app */ = {isa = PBXFileReference; explicitFileType = wrapper.application; includeInIndex = 0; path = XMComponetApp.app; sourceTree = BUILT_PRODUCTS_DIR; };
		3C483E2D240FAF02008CFF57 /* AppDelegate.h */ = {isa = PBXFileReference; lastKnownFileType = sourcecode.c.h; path = AppDelegate.h; sourceTree = "<group>"; };
		3C483E2E240FAF02008CFF57 /* AppDelegate.m */ = {isa = PBXFileReference; lastKnownFileType = sourcecode.c.objc; path = AppDelegate.m; sourceTree = "<group>"; };
		3C483E30240FAF02008CFF57 /* SceneDelegate.h */ = {isa = PBXFileReference; lastKnownFileType = sourcecode.c.h; path = SceneDelegate.h; sourceTree = "<group>"; };
		3C483E31240FAF02008CFF57 /* SceneDelegate.m */ = {isa = PBXFileReference; lastKnownFileType = sourcecode.c.objc; path = SceneDelegate.m; sourceTree = "<group>"; };
		3C483E33240FAF02008CFF57 /* ViewController.h */ = {isa = PBXFileReference; lastKnownFileType = sourcecode.c.h; path = ViewController.h; sourceTree = "<group>"; };
		3C483E34240FAF02008CFF57 /* ViewController.m */ = {isa = PBXFileReference; lastKnownFileType = sourcecode.c.objc; path = ViewController.m; sourceTree = "<group>"; };
		3C483E37240FAF02008CFF57 /* Base */ = {isa = PBXFileReference; lastKnownFileType = file.storyboard; name = Base; path = Base.lproj/Main.storyboard; sourceTree = "<group>"; };
		3C483E39240FAF02008CFF57 /* Assets.xcassets */ = {isa = PBXFileReference; lastKnownFileType = folder.assetcatalog; path = Assets.xcassets; sourceTree = "<group>"; };
		3C483E3C240FAF02008CFF57 /* Base */ = {isa = PBXFileReference; lastKnownFileType = file.storyboard; name = Base; path = Base.lproj/LaunchScreen.storyboard; sourceTree = "<group>"; };
		3C483E3E240FAF02008CFF57 /* Info.plist */ = {isa = PBXFileReference; lastKnownFileType = text.plist.xml; path = Info.plist; sourceTree = "<group>"; };
		3C483E3F240FAF02008CFF57 /* main.m */ = {isa = PBXFileReference; lastKnownFileType = sourcecode.c.objc; path = main.m; sourceTree = "<group>"; };
		3C483E45240FAF02008CFF57 /* XMComponetAppTests.xctest */ = {isa = PBXFileReference; explicitFileType = wrapper.cfbundle; includeInIndex = 0; path = XMComponetAppTests.xctest; sourceTree = BUILT_PRODUCTS_DIR; };
		3C483E49240FAF02008CFF57 /* XMComponetAppTests.m */ = {isa = PBXFileReference; lastKnownFileType = sourcecode.c.objc; path = XMComponetAppTests.m; sourceTree = "<group>"; };
		3C483E4B240FAF02008CFF57 /* Info.plist */ = {isa = PBXFileReference; lastKnownFileType = text.plist.xml; path = Info.plist; sourceTree = "<group>"; };
		3C483E50240FAF02008CFF57 /* XMComponetAppUITests.xctest */ = {isa = PBXFileReference; explicitFileType = wrapper.cfbundle; includeInIndex = 0; path = XMComponetAppUITests.xctest; sourceTree = BUILT_PRODUCTS_DIR; };
		3C483E54240FAF02008CFF57 /* XMComponetAppUITests.m */ = {isa = PBXFileReference; lastKnownFileType = sourcecode.c.objc; path = XMComponetAppUITests.m; sourceTree = "<group>"; };
		3C483E56240FAF02008CFF57 /* Info.plist */ = {isa = PBXFileReference; lastKnownFileType = text.plist.xml; path = Info.plist; sourceTree = "<group>"; };
		6DA0125D1CDF28BD1571F25B /* Pods-XMComponetApp-XMComponetAppUITests.release.xcconfig */ = {isa = PBXFileReference; includeInIndex = 1; lastKnownFileType = text.xcconfig; name = "Pods-XMComponetApp-XMComponetAppUITests.release.xcconfig"; path = "Target Support Files/Pods-XMComponetApp-XMComponetAppUITests/Pods-XMComponetApp-XMComponetAppUITests.release.xcconfig"; sourceTree = "<group>"; };
		C38B62EC1458BAFC95EEEB8C /* Pods-XMComponetApp-XMComponetAppUITests.debug.xcconfig */ = {isa = PBXFileReference; includeInIndex = 1; lastKnownFileType = text.xcconfig; name = "Pods-XMComponetApp-XMComponetAppUITests.debug.xcconfig"; path = "Target Support Files/Pods-XMComponetApp-XMComponetAppUITests/Pods-XMComponetApp-XMComponetAppUITests.debug.xcconfig"; sourceTree = "<group>"; };
		C8A9B7FD5490C2357216AEE5 /* Pods-XMComponetApp.release.xcconfig */ = {isa = PBXFileReference; includeInIndex = 1; lastKnownFileType = text.xcconfig; name = "Pods-XMComponetApp.release.xcconfig"; path = "Target Support Files/Pods-XMComponetApp/Pods-XMComponetApp.release.xcconfig"; sourceTree = "<group>"; };
		E1E5338271CAAFAC663B42B2 /* Pods-XMComponetAppTests.debug.xcconfig */ = {isa = PBXFileReference; includeInIndex = 1; lastKnownFileType = text.xcconfig; name = "Pods-XMComponetAppTests.debug.xcconfig"; path = "Target Support Files/Pods-XMComponetAppTests/Pods-XMComponetAppTests.debug.xcconfig"; sourceTree = "<group>"; };
		E9AD1B413AE4612DF56EED92 /* Pods_XMComponetAppTests.framework */ = {isa = PBXFileReference; explicitFileType = wrapper.framework; includeInIndex = 0; path = Pods_XMComponetAppTests.framework; sourceTree = BUILT_PRODUCTS_DIR; };
/* End PBXFileReference section */

/* Begin PBXFrameworksBuildPhase section */
		3C483E27240FAF02008CFF57 /* Frameworks */ = {
			isa = PBXFrameworksBuildPhase;
			buildActionMask = 2147483647;
			files = (
				399F8A770A93AD2BB9C56EEC /* Pods_XMComponetApp.framework in Frameworks */,
			);
			runOnlyForDeploymentPostprocessing = 0;
		};
		3C483E42240FAF02008CFF57 /* Frameworks */ = {
			isa = PBXFrameworksBuildPhase;
			buildActionMask = 2147483647;
			files = (
				0CEBE6AAA9E7D9F911D34116 /* Pods_XMComponetAppTests.framework in Frameworks */,
			);
			runOnlyForDeploymentPostprocessing = 0;
		};
		3C483E4D240FAF02008CFF57 /* Frameworks */ = {
			isa = PBXFrameworksBuildPhase;
			buildActionMask = 2147483647;
			files = (
				9FD03001F9110ECB3A5A7310 /* Pods_XMComponetApp_XMComponetAppUITests.framework in Frameworks */,
			);
			runOnlyForDeploymentPostprocessing = 0;
		};
/* End PBXFrameworksBuildPhase section */

/* Begin PBXGroup section */
		3C483E21240FAF02008CFF57 = {
			isa = PBXGroup;
			children = (
				3C483E2C240FAF02008CFF57 /* XMComponetApp */,
				3C483E48240FAF02008CFF57 /* XMComponetAppTests */,
				3C483E53240FAF02008CFF57 /* XMComponetAppUITests */,
				3C483E2B240FAF02008CFF57 /* Products */,
				DBF71B1E109266D537307835 /* Pods */,
				FF10FB8C9FC052B7A86A4219 /* Frameworks */,
			);
			sourceTree = "<group>";
		};
		3C483E2B240FAF02008CFF57 /* Products */ = {
			isa = PBXGroup;
			children = (
				3C483E2A240FAF02008CFF57 /* XMComponetApp.app */,
				3C483E45240FAF02008CFF57 /* XMComponetAppTests.xctest */,
				3C483E50240FAF02008CFF57 /* XMComponetAppUITests.xctest */,
			);
			name = Products;
			sourceTree = "<group>";
		};
		3C483E2C240FAF02008CFF57 /* XMComponetApp */ = {
			isa = PBXGroup;
			children = (
				3C483E2D240FAF02008CFF57 /* AppDelegate.h */,
				3C483E2E240FAF02008CFF57 /* AppDelegate.m */,
				3C483E30240FAF02008CFF57 /* SceneDelegate.h */,
				3C483E31240FAF02008CFF57 /* SceneDelegate.m */,
				3C483E33240FAF02008CFF57 /* ViewController.h */,
				3C483E34240FAF02008CFF57 /* ViewController.m */,
				3C483E36240FAF02008CFF57 /* Main.storyboard */,
				3C483E39240FAF02008CFF57 /* Assets.xcassets */,
				3C483E3B240FAF02008CFF57 /* LaunchScreen.storyboard */,
				3C483E3E240FAF02008CFF57 /* Info.plist */,
				3C483E3F240FAF02008CFF57 /* main.m */,
			);
			path = XMComponetApp;
			sourceTree = "<group>";
		};
		3C483E48240FAF02008CFF57 /* XMComponetAppTests */ = {
			isa = PBXGroup;
			children = (
				3C483E49240FAF02008CFF57 /* XMComponetAppTests.m */,
				3C483E4B240FAF02008CFF57 /* Info.plist */,
			);
			path = XMComponetAppTests;
			sourceTree = "<group>";
		};
		3C483E53240FAF02008CFF57 /* XMComponetAppUITests */ = {
			isa = PBXGroup;
			children = (
				3C483E54240FAF02008CFF57 /* XMComponetAppUITests.m */,
				3C483E56240FAF02008CFF57 /* Info.plist */,
			);
			path = XMComponetAppUITests;
			sourceTree = "<group>";
		};
		DBF71B1E109266D537307835 /* Pods */ = {
			isa = PBXGroup;
			children = (
				1A365AE99B879B0BB2EC0C54 /* Pods-XMComponetApp.debug.xcconfig */,
				C8A9B7FD5490C2357216AEE5 /* Pods-XMComponetApp.release.xcconfig */,
				C38B62EC1458BAFC95EEEB8C /* Pods-XMComponetApp-XMComponetAppUITests.debug.xcconfig */,
				6DA0125D1CDF28BD1571F25B /* Pods-XMComponetApp-XMComponetAppUITests.release.xcconfig */,
				E1E5338271CAAFAC663B42B2 /* Pods-XMComponetAppTests.debug.xcconfig */,
				39EC322F6799E85F4BB2D405 /* Pods-XMComponetAppTests.release.xcconfig */,
			);
			name = Pods;
			path = Pods;
			sourceTree = "<group>";
		};
		FF10FB8C9FC052B7A86A4219 /* Frameworks */ = {
			isa = PBXGroup;
			children = (
				0D9D852DF587D12035A2288E /* Pods_XMComponetApp.framework */,
				36C0A1B0DF7E9805CA12D962 /* Pods_XMComponetApp_XMComponetAppUITests.framework */,
				E9AD1B413AE4612DF56EED92 /* Pods_XMComponetAppTests.framework */,
			);
			name = Frameworks;
			sourceTree = "<group>";
		};
/* End PBXGroup section */

/* Begin PBXNativeTarget section */
		3C483E29240FAF02008CFF57 /* XMComponetApp */ = {
			isa = PBXNativeTarget;
			buildConfigurationList = 3C483E59240FAF02008CFF57 /* Build configuration list for PBXNativeTarget "XMComponetApp" */;
			buildPhases = (
				D3FBC0CEF42310199E0AE7D6 /* [CP] Check Pods Manifest.lock */,
				3C483E26240FAF02008CFF57 /* Sources */,
				3C483E27240FAF02008CFF57 /* Frameworks */,
				3C483E28240FAF02008CFF57 /* Resources */,
				8EF90AE10616E0E36CD753C0 /* [CP] Embed Pods Frameworks */,
			);
			buildRules = (
			);
			dependencies = (
			);
			name = XMComponetApp;
			productName = XMComponetApp;
			productReference = 3C483E2A240FAF02008CFF57 /* XMComponetApp.app */;
			productType = "com.apple.product-type.application";
		};
		3C483E44240FAF02008CFF57 /* XMComponetAppTests */ = {
			isa = PBXNativeTarget;
			buildConfigurationList = 3C483E5C240FAF02008CFF57 /* Build configuration list for PBXNativeTarget "XMComponetAppTests" */;
			buildPhases = (
				C7FEF5FB74C108C3F9CBCDA4 /* [CP] Check Pods Manifest.lock */,
				3C483E41240FAF02008CFF57 /* Sources */,
				3C483E42240FAF02008CFF57 /* Frameworks */,
				3C483E43240FAF02008CFF57 /* Resources */,
			);
			buildRules = (
			);
			dependencies = (
				3C483E47240FAF02008CFF57 /* PBXTargetDependency */,
			);
			name = XMComponetAppTests;
			productName = XMComponetAppTests;
			productReference = 3C483E45240FAF02008CFF57 /* XMComponetAppTests.xctest */;
			productType = "com.apple.product-type.bundle.unit-test";
		};
		3C483E4F240FAF02008CFF57 /* XMComponetAppUITests */ = {
			isa = PBXNativeTarget;
			buildConfigurationList = 3C483E5F240FAF02008CFF57 /* Build configuration list for PBXNativeTarget "XMComponetAppUITests" */;
			buildPhases = (
				817D98A063565279C5A2E92F /* [CP] Check Pods Manifest.lock */,
				3C483E4C240FAF02008CFF57 /* Sources */,
				3C483E4D240FAF02008CFF57 /* Frameworks */,
				3C483E4E240FAF02008CFF57 /* Resources */,
				BD48637BB7BDD52E5A3658E8 /* [CP] Embed Pods Frameworks */,
			);
			buildRules = (
			);
			dependencies = (
				3C483E52240FAF02008CFF57 /* PBXTargetDependency */,
			);
			name = XMComponetAppUITests;
			productName = XMComponetAppUITests;
			productReference = 3C483E50240FAF02008CFF57 /* XMComponetAppUITests.xctest */;
			productType = "com.apple.product-type.bundle.ui-testing";
		};
/* End PBXNativeTarget section */

/* Begin PBXProject section */
		3C483E22240FAF02008CFF57 /* Project object */ = {
			isa = PBXProject;
			attributes = {
				LastUpgradeCheck = 1130;
				ORGANIZATIONNAME = xuwen_chen;
				TargetAttributes = {
					3C483E29240FAF02008CFF57 = {
						CreatedOnToolsVersion = 11.3.1;
					};
					3C483E44240FAF02008CFF57 = {
						CreatedOnToolsVersion = 11.3.1;
						TestTargetID = 3C483E29240FAF02008CFF57;
					};
					3C483E4F240FAF02008CFF57 = {
						CreatedOnToolsVersion = 11.3.1;
						TestTargetID = 3C483E29240FAF02008CFF57;
					};
				};
			};
			buildConfigurationList = 3C483E25240FAF02008CFF57 /* Build configuration list for PBXProject "XMComponetApp" */;
			compatibilityVersion = "Xcode 9.3";
			developmentRegion = en;
			hasScannedForEncodings = 0;
			knownRegions = (
				en,
				Base,
			);
			mainGroup = 3C483E21240FAF02008CFF57;
			productRefGroup = 3C483E2B240FAF02008CFF57 /* Products */;
			projectDirPath = "";
			projectRoot = "";
			targets = (
				3C483E29240FAF02008CFF57 /* XMComponetApp */,
				3C483E44240FAF02008CFF57 /* XMComponetAppTests */,
				3C483E4F240FAF02008CFF57 /* XMComponetAppUITests */,
			);
		};
/* End PBXProject section */

/* Begin PBXResourcesBuildPhase section */
		3C483E28240FAF02008CFF57 /* Resources */ = {
			isa = PBXResourcesBuildPhase;
			buildActionMask = 2147483647;
			files = (
				3C483E3D240FAF02008CFF57 /* LaunchScreen.storyboard in Resources */,
				3C483E3A240FAF02008CFF57 /* Assets.xcassets in Resources */,
				3C483E38240FAF02008CFF57 /* Main.storyboard in Resources */,
			);
			runOnlyForDeploymentPostprocessing = 0;
		};
		3C483E43240FAF02008CFF57 /* Resources */ = {
			isa = PBXResourcesBuildPhase;
			buildActionMask = 2147483647;
			files = (
			);
			runOnlyForDeploymentPostprocessing = 0;
		};
		3C483E4E240FAF02008CFF57 /* Resources */ = {
			isa = PBXResourcesBuildPhase;
			buildActionMask = 2147483647;
			files = (
			);
			runOnlyForDeploymentPostprocessing = 0;
		};
/* End PBXResourcesBuildPhase section */

/* Begin PBXShellScriptBuildPhase section */
		817D98A063565279C5A2E92F /* [CP] Check Pods Manifest.lock */ = {
			isa = PBXShellScriptBuildPhase;
			buildActionMask = 2147483647;
			files = (
			);
			inputFileListPaths = (
			);
			inputPaths = (
				"${PODS_PODFILE_DIR_PATH}/Podfile.lock",
				"${PODS_ROOT}/Manifest.lock",
			);
			name = "[CP] Check Pods Manifest.lock";
			outputFileListPaths = (
			);
			outputPaths = (
				"$(DERIVED_FILE_DIR)/Pods-XMComponetApp-XMComponetAppUITests-checkManifestLockResult.txt",
			);
			runOnlyForDeploymentPostprocessing = 0;
			shellPath = /bin/sh;
			shellScript = "diff \"${PODS_PODFILE_DIR_PATH}/Podfile.lock\" \"${PODS_ROOT}/Manifest.lock\" > /dev/null\nif [ $? != 0 ] ; then\n    # print error to STDERR\n    echo \"error: The sandbox is not in sync with the Podfile.lock. Run 'pod install' or update your CocoaPods installation.\" >&2\n    exit 1\nfi\n# This output is used by Xcode 'outputs' to avoid re-running this script phase.\necho \"SUCCESS\" > \"${SCRIPT_OUTPUT_FILE_0}\"\n";
			showEnvVarsInLog = 0;
		};
		8EF90AE10616E0E36CD753C0 /* [CP] Embed Pods Frameworks */ = {
			isa = PBXShellScriptBuildPhase;
			buildActionMask = 2147483647;
			files = (
			);
			inputFileListPaths = (
				"${PODS_ROOT}/Target Support Files/Pods-XMComponetApp/Pods-XMComponetApp-frameworks-${CONFIGURATION}-input-files.xcfilelist",
			);
			name = "[CP] Embed Pods Frameworks";
			outputFileListPaths = (
				"${PODS_ROOT}/Target Support Files/Pods-XMComponetApp/Pods-XMComponetApp-frameworks-${CONFIGURATION}-output-files.xcfilelist",
			);
			runOnlyForDeploymentPostprocessing = 0;
			shellPath = /bin/sh;
			shellScript = "\"${PODS_ROOT}/Target Support Files/Pods-XMComponetApp/Pods-XMComponetApp-frameworks.sh\"\n";
			showEnvVarsInLog = 0;
		};
		BD48637BB7BDD52E5A3658E8 /* [CP] Embed Pods Frameworks */ = {
			isa = PBXShellScriptBuildPhase;
			buildActionMask = 2147483647;
			files = (
			);
			inputFileListPaths = (
				"${PODS_ROOT}/Target Support Files/Pods-XMComponetApp-XMComponetAppUITests/Pods-XMComponetApp-XMComponetAppUITests-frameworks-${CONFIGURATION}-input-files.xcfilelist",
			);
			name = "[CP] Embed Pods Frameworks";
			outputFileListPaths = (
				"${PODS_ROOT}/Target Support Files/Pods-XMComponetApp-XMComponetAppUITests/Pods-XMComponetApp-XMComponetAppUITests-frameworks-${CONFIGURATION}-output-files.xcfilelist",
			);
			runOnlyForDeploymentPostprocessing = 0;
			shellPath = /bin/sh;
			shellScript = "\"${PODS_ROOT}/Target Support Files/Pods-XMComponetApp-XMComponetAppUITests/Pods-XMComponetApp-XMComponetAppUITests-frameworks.sh\"\n";
			showEnvVarsInLog = 0;
		};
		C7FEF5FB74C108C3F9CBCDA4 /* [CP] Check Pods Manifest.lock */ = {
			isa = PBXShellScriptBuildPhase;
			buildActionMask = 2147483647;
			files = (
			);
			inputFileListPaths = (
			);
			inputPaths = (
				"${PODS_PODFILE_DIR_PATH}/Podfile.lock",
				"${PODS_ROOT}/Manifest.lock",
			);
			name = "[CP] Check Pods Manifest.lock";
			outputFileListPaths = (
			);
			outputPaths = (
				"$(DERIVED_FILE_DIR)/Pods-XMComponetAppTests-checkManifestLockResult.txt",
			);
			runOnlyForDeploymentPostprocessing = 0;
			shellPath = /bin/sh;
			shellScript = "diff \"${PODS_PODFILE_DIR_PATH}/Podfile.lock\" \"${PODS_ROOT}/Manifest.lock\" > /dev/null\nif [ $? != 0 ] ; then\n    # print error to STDERR\n    echo \"error: The sandbox is not in sync with the Podfile.lock. Run 'pod install' or update your CocoaPods installation.\" >&2\n    exit 1\nfi\n# This output is used by Xcode 'outputs' to avoid re-running this script phase.\necho \"SUCCESS\" > \"${SCRIPT_OUTPUT_FILE_0}\"\n";
			showEnvVarsInLog = 0;
		};
		D3FBC0CEF42310199E0AE7D6 /* [CP] Check Pods Manifest.lock */ = {
			isa = PBXShellScriptBuildPhase;
			buildActionMask = 2147483647;
			files = (
			);
			inputFileListPaths = (
			);
			inputPaths = (
				"${PODS_PODFILE_DIR_PATH}/Podfile.lock",
				"${PODS_ROOT}/Manifest.lock",
			);
			name = "[CP] Check Pods Manifest.lock";
			outputFileListPaths = (
			);
			outputPaths = (
				"$(DERIVED_FILE_DIR)/Pods-XMComponetApp-checkManifestLockResult.txt",
			);
			runOnlyForDeploymentPostprocessing = 0;
			shellPath = /bin/sh;
			shellScript = "diff \"${PODS_PODFILE_DIR_PATH}/Podfile.lock\" \"${PODS_ROOT}/Manifest.lock\" > /dev/null\nif [ $? != 0 ] ; then\n    # print error to STDERR\n    echo \"error: The sandbox is not in sync with the Podfile.lock. Run 'pod install' or update your CocoaPods installation.\" >&2\n    exit 1\nfi\n# This output is used by Xcode 'outputs' to avoid re-running this script phase.\necho \"SUCCESS\" > \"${SCRIPT_OUTPUT_FILE_0}\"\n";
			showEnvVarsInLog = 0;
		};
/* End PBXShellScriptBuildPhase section */

/* Begin PBXSourcesBuildPhase section */
		3C483E26240FAF02008CFF57 /* Sources */ = {
			isa = PBXSourcesBuildPhase;
			buildActionMask = 2147483647;
			files = (
				3C483E35240FAF02008CFF57 /* ViewController.m in Sources */,
				3C483E2F240FAF02008CFF57 /* AppDelegate.m in Sources */,
				3C483E40240FAF02008CFF57 /* main.m in Sources */,
				3C483E32240FAF02008CFF57 /* SceneDelegate.m in Sources */,
			);
			runOnlyForDeploymentPostprocessing = 0;
		};
		3C483E41240FAF02008CFF57 /* Sources */ = {
			isa = PBXSourcesBuildPhase;
			buildActionMask = 2147483647;
			files = (
				3C483E4A240FAF02008CFF57 /* XMComponetAppTests.m in Sources */,
			);
			runOnlyForDeploymentPostprocessing = 0;
		};
		3C483E4C240FAF02008CFF57 /* Sources */ = {
			isa = PBXSourcesBuildPhase;
			buildActionMask = 2147483647;
			files = (
				3C483E55240FAF02008CFF57 /* XMComponetAppUITests.m in Sources */,
			);
			runOnlyForDeploymentPostprocessing = 0;
		};
/* End PBXSourcesBuildPhase section */

/* Begin PBXTargetDependency section */
		3C483E47240FAF02008CFF57 /* PBXTargetDependency */ = {
			isa = PBXTargetDependency;
			target = 3C483E29240FAF02008CFF57 /* XMComponetApp */;
			targetProxy = 3C483E46240FAF02008CFF57 /* PBXContainerItemProxy */;
		};
		3C483E52240FAF02008CFF57 /* PBXTargetDependency */ = {
			isa = PBXTargetDependency;
			target = 3C483E29240FAF02008CFF57 /* XMComponetApp */;
			targetProxy = 3C483E51240FAF02008CFF57 /* PBXContainerItemProxy */;
		};
/* End PBXTargetDependency section */

/* Begin PBXVariantGroup section */
		3C483E36240FAF02008CFF57 /* Main.storyboard */ = {
			isa = PBXVariantGroup;
			children = (
				3C483E37240FAF02008CFF57 /* Base */,
			);
			name = Main.storyboard;
			sourceTree = "<group>";
		};
		3C483E3B240FAF02008CFF57 /* LaunchScreen.storyboard */ = {
			isa = PBXVariantGroup;
			children = (
				3C483E3C240FAF02008CFF57 /* Base */,
			);
			name = LaunchScreen.storyboard;
			sourceTree = "<group>";
		};
/* End PBXVariantGroup section */

/* Begin XCBuildConfiguration section */
		3C483E57240FAF02008CFF57 /* Debug */ = {
			isa = XCBuildConfiguration;
			buildSettings = {
				ALWAYS_SEARCH_USER_PATHS = NO;
				CLANG_ANALYZER_NONNULL = YES;
				CLANG_ANALYZER_NUMBER_OBJECT_CONVERSION = YES_AGGRESSIVE;
				CLANG_CXX_LANGUAGE_STANDARD = "gnu++14";
				CLANG_CXX_LIBRARY = "libc++";
				CLANG_ENABLE_MODULES = YES;
				CLANG_ENABLE_OBJC_ARC = YES;
				CLANG_ENABLE_OBJC_WEAK = YES;
				CLANG_WARN_BLOCK_CAPTURE_AUTORELEASING = YES;
				CLANG_WARN_BOOL_CONVERSION = YES;
				CLANG_WARN_COMMA = YES;
				CLANG_WARN_CONSTANT_CONVERSION = YES;
				CLANG_WARN_DEPRECATED_OBJC_IMPLEMENTATIONS = YES;
				CLANG_WARN_DIRECT_OBJC_ISA_USAGE = YES_ERROR;
				CLANG_WARN_DOCUMENTATION_COMMENTS = YES;
				CLANG_WARN_EMPTY_BODY = YES;
				CLANG_WARN_ENUM_CONVERSION = YES;
				CLANG_WARN_INFINITE_RECURSION = YES;
				CLANG_WARN_INT_CONVERSION = YES;
				CLANG_WARN_NON_LITERAL_NULL_CONVERSION = YES;
				CLANG_WARN_OBJC_IMPLICIT_RETAIN_SELF = YES;
				CLANG_WARN_OBJC_LITERAL_CONVERSION = YES;
				CLANG_WARN_OBJC_ROOT_CLASS = YES_ERROR;
				CLANG_WARN_RANGE_LOOP_ANALYSIS = YES;
				CLANG_WARN_STRICT_PROTOTYPES = YES;
				CLANG_WARN_SUSPICIOUS_MOVE = YES;
				CLANG_WARN_UNGUARDED_AVAILABILITY = YES_AGGRESSIVE;
				CLANG_WARN_UNREACHABLE_CODE = YES;
				CLANG_WARN__DUPLICATE_METHOD_MATCH = YES;
				COPY_PHASE_STRIP = NO;
				DEBUG_INFORMATION_FORMAT = dwarf;
				ENABLE_STRICT_OBJC_MSGSEND = YES;
				ENABLE_TESTABILITY = YES;
				GCC_C_LANGUAGE_STANDARD = gnu11;
				GCC_DYNAMIC_NO_PIC = NO;
				GCC_NO_COMMON_BLOCKS = YES;
				GCC_OPTIMIZATION_LEVEL = 0;
				GCC_PREPROCESSOR_DEFINITIONS = (
					"DEBUG=1",
					"$(inherited)",
				);
				GCC_WARN_64_TO_32_BIT_CONVERSION = YES;
				GCC_WARN_ABOUT_RETURN_TYPE = YES_ERROR;
				GCC_WARN_UNDECLARED_SELECTOR = YES;
				GCC_WARN_UNINITIALIZED_AUTOS = YES_AGGRESSIVE;
				GCC_WARN_UNUSED_FUNCTION = YES;
				GCC_WARN_UNUSED_VARIABLE = YES;
				IPHONEOS_DEPLOYMENT_TARGET = 13.2;
				MTL_ENABLE_DEBUG_INFO = INCLUDE_SOURCE;
				MTL_FAST_MATH = YES;
				ONLY_ACTIVE_ARCH = YES;
				SDKROOT = iphoneos;
			};
			name = Debug;
		};
		3C483E58240FAF02008CFF57 /* Release */ = {
			isa = XCBuildConfiguration;
			buildSettings = {
				ALWAYS_SEARCH_USER_PATHS = NO;
				CLANG_ANALYZER_NONNULL = YES;
				CLANG_ANALYZER_NUMBER_OBJECT_CONVERSION = YES_AGGRESSIVE;
				CLANG_CXX_LANGUAGE_STANDARD = "gnu++14";
				CLANG_CXX_LIBRARY = "libc++";
				CLANG_ENABLE_MODULES = YES;
				CLANG_ENABLE_OBJC_ARC = YES;
				CLANG_ENABLE_OBJC_WEAK = YES;
				CLANG_WARN_BLOCK_CAPTURE_AUTORELEASING = YES;
				CLANG_WARN_BOOL_CONVERSION = YES;
				CLANG_WARN_COMMA = YES;
				CLANG_WARN_CONSTANT_CONVERSION = YES;
				CLANG_WARN_DEPRECATED_OBJC_IMPLEMENTATIONS = YES;
				CLANG_WARN_DIRECT_OBJC_ISA_USAGE = YES_ERROR;
				CLANG_WARN_DOCUMENTATION_COMMENTS = YES;
				CLANG_WARN_EMPTY_BODY = YES;
				CLANG_WARN_ENUM_CONVERSION = YES;
				CLANG_WARN_INFINITE_RECURSION = YES;
				CLANG_WARN_INT_CONVERSION = YES;
				CLANG_WARN_NON_LITERAL_NULL_CONVERSION = YES;
				CLANG_WARN_OBJC_IMPLICIT_RETAIN_SELF = YES;
				CLANG_WARN_OBJC_LITERAL_CONVERSION = YES;
				CLANG_WARN_OBJC_ROOT_CLASS = YES_ERROR;
				CLANG_WARN_RANGE_LOOP_ANALYSIS = YES;
				CLANG_WARN_STRICT_PROTOTYPES = YES;
				CLANG_WARN_SUSPICIOUS_MOVE = YES;
				CLANG_WARN_UNGUARDED_AVAILABILITY = YES_AGGRESSIVE;
				CLANG_WARN_UNREACHABLE_CODE = YES;
				CLANG_WARN__DUPLICATE_METHOD_MATCH = YES;
				COPY_PHASE_STRIP = NO;
				DEBUG_INFORMATION_FORMAT = "dwarf-with-dsym";
				ENABLE_NS_ASSERTIONS = NO;
				ENABLE_STRICT_OBJC_MSGSEND = YES;
				GCC_C_LANGUAGE_STANDARD = gnu11;
				GCC_NO_COMMON_BLOCKS = YES;
				GCC_WARN_64_TO_32_BIT_CONVERSION = YES;
				GCC_WARN_ABOUT_RETURN_TYPE = YES_ERROR;
				GCC_WARN_UNDECLARED_SELECTOR = YES;
				GCC_WARN_UNINITIALIZED_AUTOS = YES_AGGRESSIVE;
				GCC_WARN_UNUSED_FUNCTION = YES;
				GCC_WARN_UNUSED_VARIABLE = YES;
				IPHONEOS_DEPLOYMENT_TARGET = 13.2;
				MTL_ENABLE_DEBUG_INFO = NO;
				MTL_FAST_MATH = YES;
				SDKROOT = iphoneos;
				VALIDATE_PRODUCT = YES;
			};
			name = Release;
		};
		3C483E5A240FAF02008CFF57 /* Debug */ = {
			isa = XCBuildConfiguration;
			baseConfigurationReference = 1A365AE99B879B0BB2EC0C54 /* Pods-XMComponetApp.debug.xcconfig */;
			buildSettings = {
				ASSETCATALOG_COMPILER_APPICON_NAME = AppIcon;
				CODE_SIGN_STYLE = Automatic;
				INFOPLIST_FILE = XMComponetApp/Info.plist;
				LD_RUNPATH_SEARCH_PATHS = (
					"$(inherited)",
					"@executable_path/Frameworks",
				);
				PRODUCT_BUNDLE_IDENTIFIER = sdasdasdsa.XMComponetApp;
				PRODUCT_NAME = "$(TARGET_NAME)";
				TARGETED_DEVICE_FAMILY = "1,2";
			};
			name = Debug;
		};
		3C483E5B240FAF02008CFF57 /* Release */ = {
			isa = XCBuildConfiguration;
			baseConfigurationReference = C8A9B7FD5490C2357216AEE5 /* Pods-XMComponetApp.release.xcconfig */;
			buildSettings = {
				ASSETCATALOG_COMPILER_APPICON_NAME = AppIcon;
				CODE_SIGN_STYLE = Automatic;
				INFOPLIST_FILE = XMComponetApp/Info.plist;
				LD_RUNPATH_SEARCH_PATHS = (
					"$(inherited)",
					"@executable_path/Frameworks",
				);
				PRODUCT_BUNDLE_IDENTIFIER = sdasdasdsa.XMComponetApp;
				PRODUCT_NAME = "$(TARGET_NAME)";
				TARGETED_DEVICE_FAMILY = "1,2";
			};
			name = Release;
		};
		3C483E5D240FAF02008CFF57 /* Debug */ = {
			isa = XCBuildConfiguration;
			baseConfigurationReference = E1E5338271CAAFAC663B42B2 /* Pods-XMComponetAppTests.debug.xcconfig */;
			buildSettings = {
				BUNDLE_LOADER = "$(TEST_HOST)";
				CODE_SIGN_STYLE = Automatic;
				INFOPLIST_FILE = XMComponetAppTests/Info.plist;
				IPHONEOS_DEPLOYMENT_TARGET = 13.2;
				LD_RUNPATH_SEARCH_PATHS = (
					"$(inherited)",
					"@executable_path/Frameworks",
					"@loader_path/Frameworks",
				);
				PRODUCT_BUNDLE_IDENTIFIER = sdasdasdsa.XMComponetAppTests;
				PRODUCT_NAME = "$(TARGET_NAME)";
				TARGETED_DEVICE_FAMILY = "1,2";
				TEST_HOST = "$(BUILT_PRODUCTS_DIR)/XMComponetApp.app/XMComponetApp";
			};
			name = Debug;
		};
		3C483E5E240FAF02008CFF57 /* Release */ = {
			isa = XCBuildConfiguration;
			baseConfigurationReference = 39EC322F6799E85F4BB2D405 /* Pods-XMComponetAppTests.release.xcconfig */;
			buildSettings = {
				BUNDLE_LOADER = "$(TEST_HOST)";
				CODE_SIGN_STYLE = Automatic;
				INFOPLIST_FILE = XMComponetAppTests/Info.plist;
				IPHONEOS_DEPLOYMENT_TARGET = 13.2;
				LD_RUNPATH_SEARCH_PATHS = (
					"$(inherited)",
					"@executable_path/Frameworks",
					"@loader_path/Frameworks",
				);
				PRODUCT_BUNDLE_IDENTIFIER = sdasdasdsa.XMComponetAppTests;
				PRODUCT_NAME = "$(TARGET_NAME)";
				TARGETED_DEVICE_FAMILY = "1,2";
				TEST_HOST = "$(BUILT_PRODUCTS_DIR)/XMComponetApp.app/XMComponetApp";
			};
			name = Release;
		};
		3C483E60240FAF02008CFF57 /* Debug */ = {
			isa = XCBuildConfiguration;
			baseConfigurationReference = C38B62EC1458BAFC95EEEB8C /* Pods-XMComponetApp-XMComponetAppUITests.debug.xcconfig */;
			buildSettings = {
				CODE_SIGN_STYLE = Automatic;
				INFOPLIST_FILE = XMComponetAppUITests/Info.plist;
				LD_RUNPATH_SEARCH_PATHS = (
					"$(inherited)",
					"@executable_path/Frameworks",
					"@loader_path/Frameworks",
				);
				PRODUCT_BUNDLE_IDENTIFIER = sdasdasdsa.XMComponetAppUITests;
				PRODUCT_NAME = "$(TARGET_NAME)";
				TARGETED_DEVICE_FAMILY = "1,2";
				TEST_TARGET_NAME = XMComponetApp;
			};
			name = Debug;
		};
		3C483E61240FAF02008CFF57 /* Release */ = {
			isa = XCBuildConfiguration;
			baseConfigurationReference = 6DA0125D1CDF28BD1571F25B /* Pods-XMComponetApp-XMComponetAppUITests.release.xcconfig */;
			buildSettings = {
				CODE_SIGN_STYLE = Automatic;
				INFOPLIST_FILE = XMComponetAppUITests/Info.plist;
				LD_RUNPATH_SEARCH_PATHS = (
					"$(inherited)",
					"@executable_path/Frameworks",
					"@loader_path/Frameworks",
				);
				PRODUCT_BUNDLE_IDENTIFIER = sdasdasdsa.XMComponetAppUITests;
				PRODUCT_NAME = "$(TARGET_NAME)";
				TARGETED_DEVICE_FAMILY = "1,2";
				TEST_TARGET_NAME = XMComponetApp;
			};
			name = Release;
		};
/* End XCBuildConfiguration section */

/* Begin XCConfigurationList section */
		3C483E25240FAF02008CFF57 /* Build configuration list for PBXProject "XMComponetApp" */ = {
			isa = XCConfigurationList;
			buildConfigurations = (
				3C483E57240FAF02008CFF57 /* Debug */,
				3C483E58240FAF02008CFF57 /* Release */,
			);
			defaultConfigurationIsVisible = 0;
			defaultConfigurationName = Release;
		};
		3C483E59240FAF02008CFF57 /* Build configuration list for PBXNativeTarget "XMComponetApp" */ = {
			isa = XCConfigurationList;
			buildConfigurations = (
				3C483E5A240FAF02008CFF57 /* Debug */,
				3C483E5B240FAF02008CFF57 /* Release */,
			);
			defaultConfigurationIsVisible = 0;
			defaultConfigurationName = Release;
		};
		3C483E5C240FAF02008CFF57 /* Build configuration list for PBXNativeTarget "XMComponetAppTests" */ = {
			isa = XCConfigurationList;
			buildConfigurations = (
				3C483E5D240FAF02008CFF57 /* Debug */,
				3C483E5E240FAF02008CFF57 /* Release */,
			);
			defaultConfigurationIsVisible = 0;
			defaultConfigurationName = Release;
		};
		3C483E5F240FAF02008CFF57 /* Build configuration list for PBXNativeTarget "XMComponetAppUITests" */ = {
			isa = XCConfigurationList;
			buildConfigurations = (
				3C483E60240FAF02008CFF57 /* Debug */,
				3C483E61240FAF02008CFF57 /* Release */,
			);
			defaultConfigurationIsVisible = 0;
			defaultConfigurationName = Release;
		};
/* End XCConfigurationList section */
	};
	rootObject = 3C483E22240FAF02008CFF57 /* Project object */;
}
